# This file is automatically @generated by Cargo.
# It is not intended for manual editing.
version = 4

[[package]]
name = "cheetah-api-http"
version = "0.1.0"

[[package]]
name = "cheetah-device-domain"
version = "0.1.0"

[[package]]
name = "cheetah-gb28181-core"
version = "0.1.0"

[[package]]
name = "cheetah-media-client"
version = "0.1.0"

[[package]]
name = "cheetah-messaging-api"
version = "0.1.0"

[[package]]
name = "cheetah-onvif-core"
version = "0.1.0"

[[package]]
name = "cheetah-ownership"
version = "0.1.0"

[[package]]
name = "cheetah-runtime-api"
version = "0.1.0"

[[package]]
name = "cheetah-signal-application"
version = "0.1.0"

[[package]]
name = "cheetah-signal-contracts"
version = "0.1.0"

[[package]]
name = "cheetah-signal-runtime"
version = "0.1.0"

[[package]]
name = "cheetah-signal-types"
version = "0.1.0"

[[package]]
name = "cheetah-signaling"
version = "0.1.0"
dependencies = [
 "cheetah-signal-types",
]

[[package]]
name = "cheetah-signaling-testkit"
version = "0.1.0"

[[package]]
name = "cheetah-storage-api"
version = "0.1.0"
